
Microsoft Visual Studio Solution File, Format Version 12.00
# Visual Studio Version 17
VisualStudioVersion = 17.9.34714.143
MinimumVisualStudioVersion = 10.0.40219.1
Project("{FAE04EC0-301F-11D3-BF4B-00C04F79EFBC}") = "Havrylenko.TaskPlanner.Domain.Models.", "..\Havrylenko.TaskPlanner.Domain.Models\Havrylenko.TaskPlanner.Domain.Models..csproj", "{C063F5BD-CFB8-4060-87F1-29ADC03F2341}"
EndProject
Global
	GlobalSection(SolutionConfigurationPlatforms) = preSolution
		Debug|Any CPU = Debug|Any CPU
		Release|Any CPU = Release|Any CPU
	EndGlobalSection
	GlobalSection(ProjectConfigurationPlatforms) = postSolution
		{C063F5BD-CFB8-4060-87F1-29ADC03F2341}.Debug|Any CPU.ActiveCfg = Debug|Any CPU
		{C063F5BD-CFB8-4060-87F1-29ADC03F2341}.Debug|Any CPU.Build.0 = Debug|Any CPU
		{C063F5BD-CFB8-4060-87F1-29ADC03F2341}.Release|Any CPU.ActiveCfg = Release|Any CPU
		{C063F5BD-CFB8-4060-87F1-29ADC03F2341}.Release|Any CPU.Build.0 = Release|Any CPU
	EndGlobalSection
	GlobalSection(SolutionProperties) = preSolution
		HideSolutionNode = FALSE
	EndGlobalSection
	GlobalSection(ExtensibilityGlobals) = postSolution
		SolutionGuid = {156032D7-5D78-42C7-8C88-CC8EB95C9889}
	EndGlobalSection
EndGlobal
