
Microsoft Visual Studio Solution File, Format Version 12.00
# Visual Studio Version 17
VisualStudioVersion = 17.9.34714.143
MinimumVisualStudioVersion = 10.0.40219.1
Project("{9A19103F-16F7-4668-BE54-9A1E7A4F7556}") = "Havrilemko.TaskPlanner", "Havrilemko.TaskPlanner.csproj", "{3EEB11B1-7AA9-4C43-9452-55771E82A7F1}"
EndProject
Project("{9A19103F-16F7-4668-BE54-9A1E7A4F7556}") = "Havrylenko.TaskPlanner.Domain.Logic.", "..\Havrylenko.TaskPlanner.Domain.Logic\Havrylenko.TaskPlanner.Domain.Logic..csproj", "{E6AEE945-ECB7-47D3-99A5-C0741FE4B303}"
EndProject
Project("{9A19103F-16F7-4668-BE54-9A1E7A4F7556}") = "Havrylenko.TaskPlanner.Domain.Models.", "..\Havrylenko.TaskPlanner.Domain.Models\Havrylenko.TaskPlanner.Domain.Models..csproj", "{EB7CC7F1-7411-45A5-9CED-69EA545DB7DE}"
EndProject
Global
	GlobalSection(SolutionConfigurationPlatforms) = preSolution
		Debug|Any CPU = Debug|Any CPU
		Release|Any CPU = Release|Any CPU
	EndGlobalSection
	GlobalSection(ProjectConfigurationPlatforms) = postSolution
		{3EEB11B1-7AA9-4C43-9452-55771E82A7F1}.Debug|Any CPU.ActiveCfg = Debug|Any CPU
		{3EEB11B1-7AA9-4C43-9452-55771E82A7F1}.Debug|Any CPU.Build.0 = Debug|Any CPU
		{3EEB11B1-7AA9-4C43-9452-55771E82A7F1}.Release|Any CPU.ActiveCfg = Release|Any CPU
		{3EEB11B1-7AA9-4C43-9452-55771E82A7F1}.Release|Any CPU.Build.0 = Release|Any CPU
		{E6AEE945-ECB7-47D3-99A5-C0741FE4B303}.Debug|Any CPU.ActiveCfg = Debug|Any CPU
		{E6AEE945-ECB7-47D3-99A5-C0741FE4B303}.Debug|Any CPU.Build.0 = Debug|Any CPU
		{E6AEE945-ECB7-47D3-99A5-C0741FE4B303}.Release|Any CPU.ActiveCfg = Release|Any CPU
		{E6AEE945-ECB7-47D3-99A5-C0741FE4B303}.Release|Any CPU.Build.0 = Release|Any CPU
		{EB7CC7F1-7411-45A5-9CED-69EA545DB7DE}.Debug|Any CPU.ActiveCfg = Debug|Any CPU
		{EB7CC7F1-7411-45A5-9CED-69EA545DB7DE}.Debug|Any CPU.Build.0 = Debug|Any CPU
		{EB7CC7F1-7411-45A5-9CED-69EA545DB7DE}.Release|Any CPU.ActiveCfg = Release|Any CPU
		{EB7CC7F1-7411-45A5-9CED-69EA545DB7DE}.Release|Any CPU.Build.0 = Release|Any CPU
	EndGlobalSection
	GlobalSection(SolutionProperties) = preSolution
		HideSolutionNode = FALSE
	EndGlobalSection
	GlobalSection(ExtensibilityGlobals) = postSolution
		SolutionGuid = {A1D9ADC2-6E0D-43D7-BED4-417006FCDDBA}
	EndGlobalSection
EndGlobal
